
Microsoft Visual Studio Solution File, Format Version 12.00
# Visual Studio Version 16
VisualStudioVersion = 16.0.31025.194
MinimumVisualStudioVersion = 10.0.40219.1
Project("{FAE04EC0-301F-11D3-BF4B-00C04F79EFBC}") = "Bgrs.Jwt.Daemon", "Bgrs.Jwt.Daemon\Bgrs.Jwt.Daemon.csproj", "{191BC7A1-94F4-4CCF-8A42-3F9083AE05F2}"
EndProject
Project("{9A19103F-16F7-4668-BE54-9A1E7A4F7556}") = "Bgrs.Configuration.Secure", "..\Bgrs.Configuration.Secure\Bgrs.Configuration.Secure\Bgrs.Configuration.Secure.csproj", "{EC127F51-D241-4A79-94AF-F5D104C6EB43}"
EndProject
Global
	GlobalSection(SolutionConfigurationPlatforms) = preSolution
		Debug|Any CPU = Debug|Any CPU
		Release|Any CPU = Release|Any CPU
	EndGlobalSection
	GlobalSection(ProjectConfigurationPlatforms) = postSolution
		{191BC7A1-94F4-4CCF-8A42-3F9083AE05F2}.Debug|Any CPU.ActiveCfg = Debug|Any CPU
		{191BC7A1-94F4-4CCF-8A42-3F9083AE05F2}.Debug|Any CPU.Build.0 = Debug|Any CPU
		{191BC7A1-94F4-4CCF-8A42-3F9083AE05F2}.Release|Any CPU.ActiveCfg = Release|Any CPU
		{191BC7A1-94F4-4CCF-8A42-3F9083AE05F2}.Release|Any CPU.Build.0 = Release|Any CPU
		{EC127F51-D241-4A79-94AF-F5D104C6EB43}.Debug|Any CPU.ActiveCfg = Debug|Any CPU
		{EC127F51-D241-4A79-94AF-F5D104C6EB43}.Debug|Any CPU.Build.0 = Debug|Any CPU
		{EC127F51-D241-4A79-94AF-F5D104C6EB43}.Release|Any CPU.ActiveCfg = Release|Any CPU
		{EC127F51-D241-4A79-94AF-F5D104C6EB43}.Release|Any CPU.Build.0 = Release|Any CPU
	EndGlobalSection
	GlobalSection(SolutionProperties) = preSolution
		HideSolutionNode = FALSE
	EndGlobalSection
	GlobalSection(ExtensibilityGlobals) = postSolution
		SolutionGuid = {0E739E36-57BD-478E-AEE4-3578BC763A53}
	EndGlobalSection
EndGlobal
